
Microsoft Visual Studio Solution File, Format Version 12.00
# Visual Studio Version 16
VisualStudioVersion = 16.0.28803.452
MinimumVisualStudioVersion = 10.0.40219.1
Project("{2150E333-8FDC-42A3-9474-1A3956D46DE8}") = "src", "src", "{C87C815F-D309-4846-933A-45221E6AC4E2}"
EndProject
Project("{2150E333-8FDC-42A3-9474-1A3956D46DE8}") = "test", "test", "{7E905FA2-EB17-4082-92C8-244C3933783F}"
EndProject
Project("{2150E333-8FDC-42A3-9474-1A3956D46DE8}") = "misc", "misc", "{11A83071-C2B6-4625-AA44-60F23A20C11B}"
	ProjectSection(SolutionItems) = preProject
		.gitignore = .gitignore
		changelog.md = changelog.md
		licence.md = licence.md
		publish-packages.sh = publish-packages.sh
		test.sh = test.sh
		README.md = README.md
		global.json = global.json
		Directory.Build.props = Directory.Build.props
		icon.png = icon.png
	EndProjectSection
EndProject
Project("{9A19103F-16F7-4668-BE54-9A1E7A4F7556}") = "AutoMapper.Contrib.Autofac.DependencyInjection", "src\AutoMapper.Contrib.Autofac.DependencyInjection\AutoMapper.Contrib.Autofac.DependencyInjection.csproj", "{97B8F460-4AB3-4E6D-99A0-33ADC9E5578A}"
EndProject
Project("{9A19103F-16F7-4668-BE54-9A1E7A4F7556}") = "AutoMapper.Contrib.Autofac.DependencyInjection.Tests", "test\AutoMapper.Contrib.Autofac.DependencyInjection.Tests\AutoMapper.Contrib.Autofac.DependencyInjection.Tests.csproj", "{6E420516-09BB-4378-B65F-E02C37CD66D2}"
EndProject
Project("{2150E333-8FDC-42A3-9474-1A3956D46DE8}") = "samples", "samples", "{243D0BEA-EA8B-4D7E-B645-BE17B9763896}"
EndProject
Project("{FAE04EC0-301F-11D3-BF4B-00C04F79EFBC}") = "AutoMapper.Autofac.WebApi", "samples\AutoMapper.Autofac.WebApi\AutoMapper.Autofac.WebApi.csproj", "{67EAE13C-79FF-4E0F-8128-D69322CD2E34}"
EndProject
Project("{FAE04EC0-301F-11D3-BF4B-00C04F79EFBC}") = "AutoMapper.Autofac.ConsoleApp", "samples\AutoMapper.Autofac.ConsoleApp\AutoMapper.Autofac.ConsoleApp.csproj", "{5EADD7CB-210A-4169-A0DF-C4AE7EDBE731}"
EndProject
Project("{FAE04EC0-301F-11D3-BF4B-00C04F79EFBC}") = "AutoMapper.Autofac.Shared", "samples\AutoMapper.Autofac.Shared\AutoMapper.Autofac.Shared.csproj", "{518E0DB7-8C83-41C6-A020-5AF0DFF05F19}"
EndProject
Project("{2150E333-8FDC-42A3-9474-1A3956D46DE8}") = ".github", ".github", "{717509EE-6F82-4DCD-9110-B5EEFFDBA678}"
EndProject
Project("{2150E333-8FDC-42A3-9474-1A3956D46DE8}") = "workflows", "workflows", "{1393ACB8-9707-446C-B6FD-4C2513B43592}"
	ProjectSection(SolutionItems) = preProject
		.github\workflows\push.yml = .github\workflows\push.yml
		.github\workflows\tag.yml = .github\workflows\tag.yml
	EndProjectSection
EndProject
Global
	GlobalSection(SolutionConfigurationPlatforms) = preSolution
		Debug|Any CPU = Debug|Any CPU
		Release|Any CPU = Release|Any CPU
	EndGlobalSection
	GlobalSection(ProjectConfigurationPlatforms) = postSolution
		{97B8F460-4AB3-4E6D-99A0-33ADC9E5578A}.Debug|Any CPU.ActiveCfg = Debug|Any CPU
		{97B8F460-4AB3-4E6D-99A0-33ADC9E5578A}.Debug|Any CPU.Build.0 = Debug|Any CPU
		{97B8F460-4AB3-4E6D-99A0-33ADC9E5578A}.Release|Any CPU.ActiveCfg = Release|Any CPU
		{97B8F460-4AB3-4E6D-99A0-33ADC9E5578A}.Release|Any CPU.Build.0 = Release|Any CPU
		{6E420516-09BB-4378-B65F-E02C37CD66D2}.Debug|Any CPU.ActiveCfg = Debug|Any CPU
		{6E420516-09BB-4378-B65F-E02C37CD66D2}.Debug|Any CPU.Build.0 = Debug|Any CPU
		{6E420516-09BB-4378-B65F-E02C37CD66D2}.Release|Any CPU.ActiveCfg = Release|Any CPU
		{6E420516-09BB-4378-B65F-E02C37CD66D2}.Release|Any CPU.Build.0 = Release|Any CPU
		{67EAE13C-79FF-4E0F-8128-D69322CD2E34}.Debug|Any CPU.ActiveCfg = Debug|Any CPU
		{67EAE13C-79FF-4E0F-8128-D69322CD2E34}.Debug|Any CPU.Build.0 = Debug|Any CPU
		{67EAE13C-79FF-4E0F-8128-D69322CD2E34}.Release|Any CPU.ActiveCfg = Release|Any CPU
		{67EAE13C-79FF-4E0F-8128-D69322CD2E34}.Release|Any CPU.Build.0 = Release|Any CPU
		{5EADD7CB-210A-4169-A0DF-C4AE7EDBE731}.Debug|Any CPU.ActiveCfg = Debug|Any CPU
		{5EADD7CB-210A-4169-A0DF-C4AE7EDBE731}.Debug|Any CPU.Build.0 = Debug|Any CPU
		{5EADD7CB-210A-4169-A0DF-C4AE7EDBE731}.Release|Any CPU.ActiveCfg = Release|Any CPU
		{5EADD7CB-210A-4169-A0DF-C4AE7EDBE731}.Release|Any CPU.Build.0 = Release|Any CPU
		{518E0DB7-8C83-41C6-A020-5AF0DFF05F19}.Debug|Any CPU.ActiveCfg = Debug|Any CPU
		{518E0DB7-8C83-41C6-A020-5AF0DFF05F19}.Debug|Any CPU.Build.0 = Debug|Any CPU
		{518E0DB7-8C83-41C6-A020-5AF0DFF05F19}.Release|Any CPU.ActiveCfg = Release|Any CPU
		{518E0DB7-8C83-41C6-A020-5AF0DFF05F19}.Release|Any CPU.Build.0 = Release|Any CPU
	EndGlobalSection
	GlobalSection(SolutionProperties) = preSolution
		HideSolutionNode = FALSE
	EndGlobalSection
	GlobalSection(NestedProjects) = preSolution
		{97B8F460-4AB3-4E6D-99A0-33ADC9E5578A} = {C87C815F-D309-4846-933A-45221E6AC4E2}
		{6E420516-09BB-4378-B65F-E02C37CD66D2} = {7E905FA2-EB17-4082-92C8-244C3933783F}
		{67EAE13C-79FF-4E0F-8128-D69322CD2E34} = {243D0BEA-EA8B-4D7E-B645-BE17B9763896}
		{5EADD7CB-210A-4169-A0DF-C4AE7EDBE731} = {243D0BEA-EA8B-4D7E-B645-BE17B9763896}
		{518E0DB7-8C83-41C6-A020-5AF0DFF05F19} = {243D0BEA-EA8B-4D7E-B645-BE17B9763896}
		{1393ACB8-9707-446C-B6FD-4C2513B43592} = {717509EE-6F82-4DCD-9110-B5EEFFDBA678}
	EndGlobalSection
	GlobalSection(ExtensibilityGlobals) = postSolution
		SolutionGuid = {C58D8048-52B6-44D8-AF85-8759A9ED42FA}
	EndGlobalSection
EndGlobal
